
Microsoft Visual Studio Solution File, Format Version 12.00
# Visual Studio Version 16
VisualStudioVersion = 16.0.33027.164
MinimumVisualStudioVersion = 10.0.40219.1
Project("{FAE04EC0-301F-11D3-BF4B-00C04F79EFBC}") = "lab2ex2", "lab2ex2\lab2ex2.csproj", "{14E8A798-DE1E-4978-9FFD-9217C1E5E021}"
EndProject
Global
	GlobalSection(SolutionConfigurationPlatforms) = preSolution
		Debug|Any CPU = Debug|Any CPU
		Release|Any CPU = Release|Any CPU
	EndGlobalSection
	GlobalSection(ProjectConfigurationPlatforms) = postSolution
		{14E8A798-DE1E-4978-9FFD-9217C1E5E021}.Debug|Any CPU.ActiveCfg = Debug|Any CPU
		{14E8A798-DE1E-4978-9FFD-9217C1E5E021}.Debug|Any CPU.Build.0 = Debug|Any CPU
		{14E8A798-DE1E-4978-9FFD-9217C1E5E021}.Release|Any CPU.ActiveCfg = Release|Any CPU
		{14E8A798-DE1E-4978-9FFD-9217C1E5E021}.Release|Any CPU.Build.0 = Release|Any CPU
	EndGlobalSection
	GlobalSection(SolutionProperties) = preSolution
		HideSolutionNode = FALSE
	EndGlobalSection
	GlobalSection(ExtensibilityGlobals) = postSolution
		SolutionGuid = {0E86F2D3-6D87-4B41-9E70-00DC7CF8B590}
	EndGlobalSection
EndGlobal
